
Microsoft Visual Studio Solution File, Format Version 12.00
# Visual Studio Version 17
VisualStudioVersion = 17.5.33516.290
MinimumVisualStudioVersion = 10.0.40219.1
Project("{FAE04EC0-301F-11D3-BF4B-00C04F79EFBC}") = "Meshwar", "Meshwar\Meshwar.csproj", "{799F76EF-DEC0-4DF2-AD7C-1BFF6B4534C9}"
EndProject
Global
	GlobalSection(SolutionConfigurationPlatforms) = preSolution
		Debug|Any CPU = Debug|Any CPU
		Release|Any CPU = Release|Any CPU
	EndGlobalSection
	GlobalSection(ProjectConfigurationPlatforms) = postSolution
		{799F76EF-DEC0-4DF2-AD7C-1BFF6B4534C9}.Debug|Any CPU.ActiveCfg = Debug|Any CPU
		{799F76EF-DEC0-4DF2-AD7C-1BFF6B4534C9}.Debug|Any CPU.Build.0 = Debug|Any CPU
		{799F76EF-DEC0-4DF2-AD7C-1BFF6B4534C9}.Release|Any CPU.ActiveCfg = Release|Any CPU
		{799F76EF-DEC0-4DF2-AD7C-1BFF6B4534C9}.Release|Any CPU.Build.0 = Release|Any CPU
	EndGlobalSection
	GlobalSection(SolutionProperties) = preSolution
		HideSolutionNode = FALSE
	EndGlobalSection
	GlobalSection(ExtensibilityGlobals) = postSolution
		SolutionGuid = {3A142C15-6F02-4506-8DDA-0067C9E9121D}
	EndGlobalSection
EndGlobal
